
Microsoft Visual Studio Solution File, Format Version 12.00
# Visual Studio Version 16
VisualStudioVersion = 16.0.28803.202
MinimumVisualStudioVersion = 10.0.40219.1
Project("{FAE04EC0-301F-11D3-BF4B-00C04F79EFBC}") = "EpicFight", "EpicFight\EpicFight.csproj", "{FF9ED093-5270-4C28-9340-28D89BD73544}"
EndProject
Global
	GlobalSection(SolutionConfigurationPlatforms) = preSolution
		Debug|Any CPU = Debug|Any CPU
		Release|Any CPU = Release|Any CPU
	EndGlobalSection
	GlobalSection(ProjectConfigurationPlatforms) = postSolution
		{FF9ED093-5270-4C28-9340-28D89BD73544}.Debug|Any CPU.ActiveCfg = Debug|Any CPU
		{FF9ED093-5270-4C28-9340-28D89BD73544}.Debug|Any CPU.Build.0 = Debug|Any CPU
		{FF9ED093-5270-4C28-9340-28D89BD73544}.Release|Any CPU.ActiveCfg = Release|Any CPU
		{FF9ED093-5270-4C28-9340-28D89BD73544}.Release|Any CPU.Build.0 = Release|Any CPU
	EndGlobalSection
	GlobalSection(SolutionProperties) = preSolution
		HideSolutionNode = FALSE
	EndGlobalSection
	GlobalSection(ExtensibilityGlobals) = postSolution
		SolutionGuid = {B81E82AC-EFFF-4934-8621-D21A4E344C8E}
	EndGlobalSection
EndGlobal
